
Microsoft Visual Studio Solution File, Format Version 12.00
# Visual Studio 15
VisualStudioVersion = 15.0.28307.168
MinimumVisualStudioVersion = 14.0.23107.0
Project("{9A19103F-16F7-4668-BE54-9A1E7A4F7556}") = "Torens.Windows", "Presentation\Torens.Windows\Torens.Windows.csproj", "{F289620B-357A-4ABE-9CB6-53A419444040}"
EndProject
Project("{9A19103F-16F7-4668-BE54-9A1E7A4F7556}") = "Torens.Game", "Presentation\Torens.Game\Torens.Game.csproj", "{1DA3EC39-CF4C-4043-9D07-D56CEEE60EA2}"
EndProject
Project("{2150E333-8FDC-42A3-9474-1A3956D46DE8}") = "Presentation", "Presentation", "{C03FA44F-C4EE-40B8-8FFA-1D6B3896F6B3}"
EndProject
Project("{2150E333-8FDC-42A3-9474-1A3956D46DE8}") = "Core", "Core", "{4E0FF53E-EC24-4ED9-B663-BC521125E6C5}"
EndProject
Project("{9A19103F-16F7-4668-BE54-9A1E7A4F7556}") = "Torens.Domain", "Core\Torens.Domain\Torens.Domain.csproj", "{BD0DA93C-2BD4-4FB2-85C9-80AB68C47CB4}"
EndProject
Project("{9A19103F-16F7-4668-BE54-9A1E7A4F7556}") = "Torens.Application", "Core\Torens.Application\Torens.Application.csproj", "{3CEB22D3-AA88-4D56-8B6F-24195C2A1583}"
EndProject
Project("{9A19103F-16F7-4668-BE54-9A1E7A4F7556}") = "Torens.Infrastructure", "Infrastructure\Torens.Infrastructure\Torens.Infrastructure.csproj", "{484E7028-D596-40D8-A0A3-458CCDAC4D0C}"
EndProject
Project("{9A19103F-16F7-4668-BE54-9A1E7A4F7556}") = "Torens.Application.Test", "Test\Torens.Application.Test\Torens.Application.Test.csproj", "{A81C85FD-8C35-407C-B180-D92BDC46A34A}"
EndProject
Global
	GlobalSection(SolutionConfigurationPlatforms) = preSolution
		Debug|Any CPU = Debug|Any CPU
		Release|Any CPU = Release|Any CPU
	EndGlobalSection
	GlobalSection(ProjectConfigurationPlatforms) = postSolution
		{F289620B-357A-4ABE-9CB6-53A419444040}.Debug|Any CPU.ActiveCfg = Debug|Any CPU
		{F289620B-357A-4ABE-9CB6-53A419444040}.Debug|Any CPU.Build.0 = Debug|Any CPU
		{F289620B-357A-4ABE-9CB6-53A419444040}.Release|Any CPU.ActiveCfg = Release|Any CPU
		{F289620B-357A-4ABE-9CB6-53A419444040}.Release|Any CPU.Build.0 = Release|Any CPU
		{1DA3EC39-CF4C-4043-9D07-D56CEEE60EA2}.Debug|Any CPU.ActiveCfg = Debug|Any CPU
		{1DA3EC39-CF4C-4043-9D07-D56CEEE60EA2}.Debug|Any CPU.Build.0 = Debug|Any CPU
		{1DA3EC39-CF4C-4043-9D07-D56CEEE60EA2}.Release|Any CPU.ActiveCfg = Release|Any CPU
		{1DA3EC39-CF4C-4043-9D07-D56CEEE60EA2}.Release|Any CPU.Build.0 = Release|Any CPU
		{BD0DA93C-2BD4-4FB2-85C9-80AB68C47CB4}.Debug|Any CPU.ActiveCfg = Debug|Any CPU
		{BD0DA93C-2BD4-4FB2-85C9-80AB68C47CB4}.Debug|Any CPU.Build.0 = Debug|Any CPU
		{BD0DA93C-2BD4-4FB2-85C9-80AB68C47CB4}.Release|Any CPU.ActiveCfg = Release|Any CPU
		{BD0DA93C-2BD4-4FB2-85C9-80AB68C47CB4}.Release|Any CPU.Build.0 = Release|Any CPU
		{3CEB22D3-AA88-4D56-8B6F-24195C2A1583}.Debug|Any CPU.ActiveCfg = Debug|Any CPU
		{3CEB22D3-AA88-4D56-8B6F-24195C2A1583}.Debug|Any CPU.Build.0 = Debug|Any CPU
		{3CEB22D3-AA88-4D56-8B6F-24195C2A1583}.Release|Any CPU.ActiveCfg = Release|Any CPU
		{3CEB22D3-AA88-4D56-8B6F-24195C2A1583}.Release|Any CPU.Build.0 = Release|Any CPU
		{484E7028-D596-40D8-A0A3-458CCDAC4D0C}.Debug|Any CPU.ActiveCfg = Debug|Any CPU
		{484E7028-D596-40D8-A0A3-458CCDAC4D0C}.Debug|Any CPU.Build.0 = Debug|Any CPU
		{484E7028-D596-40D8-A0A3-458CCDAC4D0C}.Release|Any CPU.ActiveCfg = Release|Any CPU
		{484E7028-D596-40D8-A0A3-458CCDAC4D0C}.Release|Any CPU.Build.0 = Release|Any CPU
		{A81C85FD-8C35-407C-B180-D92BDC46A34A}.Debug|Any CPU.ActiveCfg = Debug|Any CPU
		{A81C85FD-8C35-407C-B180-D92BDC46A34A}.Debug|Any CPU.Build.0 = Debug|Any CPU
		{A81C85FD-8C35-407C-B180-D92BDC46A34A}.Release|Any CPU.ActiveCfg = Release|Any CPU
		{A81C85FD-8C35-407C-B180-D92BDC46A34A}.Release|Any CPU.Build.0 = Release|Any CPU
	EndGlobalSection
	GlobalSection(SolutionProperties) = preSolution
		HideSolutionNode = FALSE
	EndGlobalSection
	GlobalSection(NestedProjects) = preSolution
		{F289620B-357A-4ABE-9CB6-53A419444040} = {C03FA44F-C4EE-40B8-8FFA-1D6B3896F6B3}
		{1DA3EC39-CF4C-4043-9D07-D56CEEE60EA2} = {C03FA44F-C4EE-40B8-8FFA-1D6B3896F6B3}
	EndGlobalSection
	GlobalSection(ExtensibilityGlobals) = postSolution
		SolutionGuid = {7D35C225-DE96-42DE-92EC-1C48BA260A31}
	EndGlobalSection
EndGlobal
